PODS:
  - Capacitor (7.4.0):
    - CapacitorCordova
  - CapacitorClipboard (7.0.1):
    - Capacitor
  - CapacitorCordova (7.4.0)
  - CapacitorPreferences (7.0.1):
    - Capacitor
  - NewRelicAgent (7.5.6)
  - NewrelicNewrelicCapacitorPlugin (1.5.8):
    - Capacitor
    - NewRelicAgent (~> 7.5.5)

DEPENDENCIES:
  - "Capacitor (from `../../node_modules/@capacitor/ios`)"
  - "CapacitorClipboard (from `../../node_modules/@capacitor/clipboard`)"
  - "CapacitorCordova (from `../../node_modules/@capacitor/ios`)"
  - "CapacitorPreferences (from `../../node_modules/@capacitor/preferences`)"
  - "NewrelicNewrelicCapacitorPlugin (from `../../node_modules/@newrelic/newrelic-capacitor-plugin`)"

SPEC REPOS:
  trunk:
    - NewRelicAgent

EXTERNAL SOURCES:
  Capacitor:
    :path: "../../node_modules/@capacitor/ios"
  CapacitorClipboard:
    :path: "../../node_modules/@capacitor/clipboard"
  CapacitorCordova:
    :path: "../../node_modules/@capacitor/ios"
  CapacitorPreferences:
    :path: "../../node_modules/@capacitor/preferences"
  NewrelicNewrelicCapacitorPlugin:
    :path: "../../node_modules/@newrelic/newrelic-capacitor-plugin"

SPEC CHECKSUMS:
  Capacitor: 10feab36396883c55373328124a677f118cd4b5f
  CapacitorClipboard: 70bfdb42b877b320a6e511ab94fa7a6a55d57ecb
  CapacitorCordova: 723e017d8a80ab2ede9959fbe37556c35ac860d5
  CapacitorPreferences: 6c98117d4d7508034a4af9db64d6b26fc75d7b94
  NewRelicAgent: d5628f58fa2928b1377fe866c6f52750d21c1a4b
  NewrelicNewrelicCapacitorPlugin: 7295be35d05d0f8aa645a43479ddc93daea041c2

PODFILE CHECKSUM: c86cc6a1c24d56f88a9c1bbe03a9f41f8b575293

COCOAPODS: 1.16.2
