PODS:
  - Capacitor (7.2.0):
    - CapacitorCordova
  - CapacitorCordova (7.2.0)
  - CapacitorPreferences (7.0.1):
    - Capacitor
  - NewRelicAgent (7.5.6)
  - NewrelicNewrelicCapacitorPlugin (1.5.8):
    - Capacitor
    - NewRelicAgent (~> 7.5.5)

DEPENDENCIES:
  - "Capacitor (from `../../node_modules/@capacitor/ios`)"
  - "CapacitorCordova (from `../../node_modules/@capacitor/ios`)"
  - "CapacitorPreferences (from `../../node_modules/@capacitor/preferences`)"
  - "NewrelicNewrelicCapacitorPlugin (from `../../node_modules/@newrelic/newrelic-capacitor-plugin`)"

SPEC REPOS:
  trunk:
    - NewRelicAgent

EXTERNAL SOURCES:
  Capacitor:
    :path: "../../node_modules/@capacitor/ios"
  CapacitorCordova:
    :path: "../../node_modules/@capacitor/ios"
  CapacitorPreferences:
    :path: "../../node_modules/@capacitor/preferences"
  NewrelicNewrelicCapacitorPlugin:
    :path: "../../node_modules/@newrelic/newrelic-capacitor-plugin"

SPEC CHECKSUMS:
  Capacitor: 03bc7cbdde6a629a8b910a9d7d78c3cc7ed09ea7
  CapacitorCordova: 5967b9ba03915ef1d585469d6e31f31dc49be96f
  CapacitorPreferences: 6c98117d4d7508034a4af9db64d6b26fc75d7b94
  NewRelicAgent: d5628f58fa2928b1377fe866c6f52750d21c1a4b
  NewrelicNewrelicCapacitorPlugin: 7295be35d05d0f8aa645a43479ddc93daea041c2

PODFILE CHECKSUM: e0d8cea34e236feae601586c5afef817adb424ea

COCOAPODS: 1.16.2
